
Microsoft Visual Studio Solution File, Format Version 12.00
# Visual Studio Version 17
VisualStudioVersion = 17.13.35931.197
MinimumVisualStudioVersion = 10.0.40219.1
Project("{FAE04EC0-301F-11D3-BF4B-00C04F79EFBC}") = "EntrePatasAPI", "EntrePatasAPI\EntrePatasAPI.csproj", "{534504E5-C857-4918-B3C8-67A7964B3D29}"
EndProject
Project("{FAE04EC0-301F-11D3-BF4B-00C04F79EFBC}") = "EntrePatasWEB", "EntrePatasWEB\EntrePatasWEB.csproj", "{9B46A944-6E22-4422-9553-3A212A171436}"
EndProject
Project("{2150E333-8FDC-42A3-9474-1A3956D46DE8}") = "Elementos de la solución", "Elementos de la solución", "{D107F4C8-89CC-BEA8-D3D7-CA6B7733353D}"
	ProjectSection(SolutionItems) = preProject
		EntrePatasBD.sql = EntrePatasBD.sql
	EndProjectSection
EndProject
Global
	GlobalSection(SolutionConfigurationPlatforms) = preSolution
		Debug|Any CPU = Debug|Any CPU
		Release|Any CPU = Release|Any CPU
	EndGlobalSection
	GlobalSection(ProjectConfigurationPlatforms) = postSolution
		{534504E5-C857-4918-B3C8-67A7964B3D29}.Debug|Any CPU.ActiveCfg = Debug|Any CPU
		{534504E5-C857-4918-B3C8-67A7964B3D29}.Debug|Any CPU.Build.0 = Debug|Any CPU
		{534504E5-C857-4918-B3C8-67A7964B3D29}.Release|Any CPU.ActiveCfg = Release|Any CPU
		{534504E5-C857-4918-B3C8-67A7964B3D29}.Release|Any CPU.Build.0 = Release|Any CPU
		{9B46A944-6E22-4422-9553-3A212A171436}.Debug|Any CPU.ActiveCfg = Debug|Any CPU
		{9B46A944-6E22-4422-9553-3A212A171436}.Debug|Any CPU.Build.0 = Debug|Any CPU
		{9B46A944-6E22-4422-9553-3A212A171436}.Release|Any CPU.ActiveCfg = Release|Any CPU
		{9B46A944-6E22-4422-9553-3A212A171436}.Release|Any CPU.Build.0 = Release|Any CPU
	EndGlobalSection
	GlobalSection(SolutionProperties) = preSolution
		HideSolutionNode = FALSE
	EndGlobalSection
	GlobalSection(ExtensibilityGlobals) = postSolution
		SolutionGuid = {B56206EA-8858-4911-91C9-BD808477EF14}
	EndGlobalSection
EndGlobal
